
Microsoft Visual Studio Solution File, Format Version 12.00
# Visual Studio Version 17
VisualStudioVersion = 17.6.33815.320
MinimumVisualStudioVersion = 10.0.40219.1
Project("{9A19103F-16F7-4668-BE54-9A1E7A4F7556}") = "Blog", "NeopeBlog\Blog.csproj", "{C8C0295B-77C3-438D-928C-292DEDAD1D28}"
EndProject
Global
	GlobalSection(SolutionConfigurationPlatforms) = preSolution
		Debug|Any CPU = Debug|Any CPU
		Release|Any CPU = Release|Any CPU
	EndGlobalSection
	GlobalSection(ProjectConfigurationPlatforms) = postSolution
		{C8C0295B-77C3-438D-928C-292DEDAD1D28}.Debug|Any CPU.ActiveCfg = Debug|Any CPU
		{C8C0295B-77C3-438D-928C-292DEDAD1D28}.Debug|Any CPU.Build.0 = Debug|Any CPU
		{C8C0295B-77C3-438D-928C-292DEDAD1D28}.Release|Any CPU.ActiveCfg = Release|Any CPU
		{C8C0295B-77C3-438D-928C-292DEDAD1D28}.Release|Any CPU.Build.0 = Release|Any CPU
	EndGlobalSection
	GlobalSection(SolutionProperties) = preSolution
		HideSolutionNode = FALSE
	EndGlobalSection
	GlobalSection(ExtensibilityGlobals) = postSolution
		SolutionGuid = {BA64FD16-58D9-4DB7-BEA4-8CB3B4184433}
	EndGlobalSection
EndGlobal
